// !$*UTF8*$!
{
	archiveVersion = 1;
	classes = {
	};
	objectVersion = 46;
	objects = {

/* Begin PBXBuildFile section */
		4ADEE71592FAC788A8B20D9C /* Pods_Coffee.framework in Frameworks */ = {isa = PBXBuildFile; fileRef = 15D0C64FB6C041928D7483B8 /* Pods_Coffee.framework */; };
		7BC030681C08080100456AFD /* AppDelegate.swift in Sources */ = {isa = PBXBuildFile; fileRef = 7BC030671C08080100456AFD /* AppDelegate.swift */; };
		7BC0306A1C08080100456AFD /* ViewController.swift in Sources */ = {isa = PBXBuildFile; fileRef = 7BC030691C08080100456AFD /* ViewController.swift */; };
		7BC0306D1C08080100456AFD /* Main.storyboard in Resources */ = {isa = PBXBuildFile; fileRef = 7BC0306B1C08080100456AFD /* Main.storyboard */; };
		7BC0306F1C08080100456AFD /* Assets.xcassets in Resources */ = {isa = PBXBuildFile; fileRef = 7BC0306E1C08080100456AFD /* Assets.xcassets */; };
		7BC030721C08080100456AFD /* LaunchScreen.storyboard in Resources */ = {isa = PBXBuildFile; fileRef = 7BC030701C08080100456AFD /* LaunchScreen.storyboard */; };
		7BC0307A1C080D3700456AFD /* MapKit.framework in Frameworks */ = {isa = PBXBuildFile; fileRef = 7BC030791C080D3700456AFD /* MapKit.framework */; };
		7BC0307C1C08A5BF00456AFD /* CoffeeAPI.swift in Sources */ = {isa = PBXBuildFile; fileRef = 7BC0307B1C08A5BF00456AFD /* CoffeeAPI.swift */; };
/* End PBXBuildFile section */

/* Begin PBXFileReference section */
		15D0C64FB6C041928D7483B8 /* Pods_Coffee.framework */ = {isa = PBXFileReference; explicitFileType = wrapper.framework; includeInIndex = 0; path = Pods_Coffee.framework; sourceTree = BUILT_PRODUCTS_DIR; };
		4D6F0619710F3678E3C4FD2C /* Pods-Coffee.release.xcconfig */ = {isa = PBXFileReference; includeInIndex = 1; lastKnownFileType = text.xcconfig; name = "Pods-Coffee.release.xcconfig"; path = "Pods/Target Support Files/Pods-Coffee/Pods-Coffee.release.xcconfig"; sourceTree = "<group>"; };
		7BC030641C08080100456AFD /* Coffee.app */ = {isa = PBXFileReference; explicitFileType = wrapper.application; includeInIndex = 0; path = Coffee.app; sourceTree = BUILT_PRODUCTS_DIR; };
		7BC030671C08080100456AFD /* AppDelegate.swift */ = {isa = PBXFileReference; lastKnownFileType = sourcecode.swift; path = AppDelegate.swift; sourceTree = "<group>"; };
		7BC030691C08080100456AFD /* ViewController.swift */ = {isa = PBXFileReference; lastKnownFileType = sourcecode.swift; path = ViewController.swift; sourceTree = "<group>"; };
		7BC0306C1C08080100456AFD /* Base */ = {isa = PBXFileReference; lastKnownFileType = file.storyboard; name = Base; path = Base.lproj/Main.storyboard; sourceTree = "<group>"; };
		7BC0306E1C08080100456AFD /* Assets.xcassets */ = {isa = PBXFileReference; lastKnownFileType = folder.assetcatalog; path = Assets.xcassets; sourceTree = "<group>"; };
		7BC030711C08080100456AFD /* Base */ = {isa = PBXFileReference; lastKnownFileType = file.storyboard; name = Base; path = Base.lproj/LaunchScreen.storyboard; sourceTree = "<group>"; };
		7BC030731C08080100456AFD /* Info.plist */ = {isa = PBXFileReference; lastKnownFileType = text.plist.xml; path = Info.plist; sourceTree = "<group>"; };
		7BC030791C080D3700456AFD /* MapKit.framework */ = {isa = PBXFileReference; lastKnownFileType = wrapper.framework; name = MapKit.framework; path = System/Library/Frameworks/MapKit.framework; sourceTree = SDKROOT; };
		7BC0307B1C08A5BF00456AFD /* CoffeeAPI.swift */ = {isa = PBXFileReference; fileEncoding = 4; lastKnownFileType = sourcecode.swift; path = CoffeeAPI.swift; sourceTree = "<group>"; };
		9A2006099334D3C7703FCA50 /* Pods-Coffee.debug.xcconfig */ = {isa = PBXFileReference; includeInIndex = 1; lastKnownFileType = text.xcconfig; name = "Pods-Coffee.debug.xcconfig"; path = "Pods/Target Support Files/Pods-Coffee/Pods-Coffee.debug.xcconfig"; sourceTree = "<group>"; };
/* End PBXFileReference section */

/* Begin PBXFrameworksBuildPhase section */
		7BC030611C08080100456AFD /* Frameworks */ = {
			isa = PBXFrameworksBuildPhase;
			buildActionMask = 2147483647;
			files = (
				7BC0307A1C080D3700456AFD /* MapKit.framework in Frameworks */,
				4ADEE71592FAC788A8B20D9C /* Pods_Coffee.framework in Frameworks */,
			);
			runOnlyForDeploymentPostprocessing = 0;
		};
/* End PBXFrameworksBuildPhase section */

/* Begin PBXGroup section */
		443FA43D280EA6C81C1FFFFE /* Pods */ = {
			isa = PBXGroup;
			children = (
				9A2006099334D3C7703FCA50 /* Pods-Coffee.debug.xcconfig */,
				4D6F0619710F3678E3C4FD2C /* Pods-Coffee.release.xcconfig */,
			);
			name = Pods;
			sourceTree = "<group>";
		};
		61EE0E32F3DC37CAB1ECB550 /* Frameworks */ = {
			isa = PBXGroup;
			children = (
				7BC030791C080D3700456AFD /* MapKit.framework */,
				15D0C64FB6C041928D7483B8 /* Pods_Coffee.framework */,
			);
			name = Frameworks;
			sourceTree = "<group>";
		};
		7BC0305B1C08080100456AFD = {
			isa = PBXGroup;
			children = (
				7BC030661C08080100456AFD /* Coffee */,
				7BC030651C08080100456AFD /* Products */,
				443FA43D280EA6C81C1FFFFE /* Pods */,
				61EE0E32F3DC37CAB1ECB550 /* Frameworks */,
			);
			sourceTree = "<group>";
		};
		7BC030651C08080100456AFD /* Products */ = {
			isa = PBXGroup;
			children = (
				7BC030641C08080100456AFD /* Coffee.app */,
			);
			name = Products;
			sourceTree = "<group>";
		};
		7BC030661C08080100456AFD /* Coffee */ = {
			isa = PBXGroup;
			children = (
				7BC030671C08080100456AFD /* AppDelegate.swift */,
				7BC030691C08080100456AFD /* ViewController.swift */,
				7BC0306B1C08080100456AFD /* Main.storyboard */,
				7BC0306E1C08080100456AFD /* Assets.xcassets */,
				7BC030701C08080100456AFD /* LaunchScreen.storyboard */,
				7BC030731C08080100456AFD /* Info.plist */,
				7BC0307B1C08A5BF00456AFD /* CoffeeAPI.swift */,
			);
			path = Coffee;
			sourceTree = "<group>";
		};
/* End PBXGroup section */

/* Begin PBXNativeTarget section */
		7BC030631C08080100456AFD /* Coffee */ = {
			isa = PBXNativeTarget;
			buildConfigurationList = 7BC030761C08080100456AFD /* Build configuration list for PBXNativeTarget "Coffee" */;
			buildPhases = (
				ECCEFEBFEE73D5277F0A9E21 /* Check Pods Manifest.lock */,
				7BC030601C08080100456AFD /* Sources */,
				7BC030611C08080100456AFD /* Frameworks */,
				7BC030621C08080100456AFD /* Resources */,
				6831ACB6D0EF28E8E7BE04D1 /* Embed Pods Frameworks */,
				411CC64F95F305F8A9DF544D /* Copy Pods Resources */,
			);
			buildRules = (
			);
			dependencies = (
			);
			name = Coffee;
			productName = Coffee;
			productReference = 7BC030641C08080100456AFD /* Coffee.app */;
			productType = "com.apple.product-type.application";
		};
/* End PBXNativeTarget section */

/* Begin PBXProject section */
		7BC0305C1C08080100456AFD /* Project object */ = {
			isa = PBXProject;
			attributes = {
				LastSwiftUpdateCheck = 0710;
				LastUpgradeCheck = 0710;
				ORGANIZATIONNAME = "Justin Hall";
				TargetAttributes = {
					7BC030631C08080100456AFD = {
						CreatedOnToolsVersion = 7.1;
					};
				};
			};
			buildConfigurationList = 7BC0305F1C08080100456AFD /* Build configuration list for PBXProject "Coffee" */;
			compatibilityVersion = "Xcode 3.2";
			developmentRegion = English;
			hasScannedForEncodings = 0;
			knownRegions = (
				en,
				Base,
			);
			mainGroup = 7BC0305B1C08080100456AFD;
			productRefGroup = 7BC030651C08080100456AFD /* Products */;
			projectDirPath = "";
			projectRoot = "";
			targets = (
				7BC030631C08080100456AFD /* Coffee */,
			);
		};
/* End PBXProject section */

/* Begin PBXResourcesBuildPhase section */
		7BC030621C08080100456AFD /* Resources */ = {
			isa = PBXResourcesBuildPhase;
			buildActionMask = 2147483647;
			files = (
				7BC030721C08080100456AFD /* LaunchScreen.storyboard in Resources */,
				7BC0306F1C08080100456AFD /* Assets.xcassets in Resources */,
				7BC0306D1C08080100456AFD /* Main.storyboard in Resources */,
			);
			runOnlyForDeploymentPostprocessing = 0;
		};
/* End PBXResourcesBuildPhase section */

/* Begin PBXShellScriptBuildPhase section */
		411CC64F95F305F8A9DF544D /* Copy Pods Resources */ = {
			isa = PBXShellScriptBuildPhase;
			buildActionMask = 2147483647;
			files = (
			);
			inputPaths = (
			);
			name = "Copy Pods Resources";
			outputPaths = (
			);
			runOnlyForDeploymentPostprocessing = 0;
			shellPath = /bin/sh;
			shellScript = "\"${SRCROOT}/Pods/Target Support Files/Pods-Coffee/Pods-Coffee-resources.sh\"\n";
			showEnvVarsInLog = 0;
		};
		6831ACB6D0EF28E8E7BE04D1 /* Embed Pods Frameworks */ = {
			isa = PBXShellScriptBuildPhase;
			buildActionMask = 2147483647;
			files = (
			);
			inputPaths = (
			);
			name = "Embed Pods Frameworks";
			outputPaths = (
			);
			runOnlyForDeploymentPostprocessing = 0;
			shellPath = /bin/sh;
			shellScript = "\"${SRCROOT}/Pods/Target Support Files/Pods-Coffee/Pods-Coffee-frameworks.sh\"\n";
			showEnvVarsInLog = 0;
		};
		ECCEFEBFEE73D5277F0A9E21 /* Check Pods Manifest.lock */ = {
			isa = PBXShellScriptBuildPhase;
			buildActionMask = 2147483647;
			files = (
			);
			inputPaths = (
			);
			name = "Check Pods Manifest.lock";
			outputPaths = (
			);
			runOnlyForDeploymentPostprocessing = 0;
			shellPath = /bin/sh;
			shellScript = "diff \"${PODS_ROOT}/../Podfile.lock\" \"${PODS_ROOT}/Manifest.lock\" > /dev/null\nif [[ $? != 0 ]] ; then\n    cat << EOM\nerror: The sandbox is not in sync with the Podfile.lock. Run 'pod install' or update your CocoaPods installation.\nEOM\n    exit 1\nfi\n";
			showEnvVarsInLog = 0;
		};
/* End PBXShellScriptBuildPhase section */

/* Begin PBXSourcesBuildPhase section */
		7BC030601C08080100456AFD /* Sources */ = {
			isa = PBXSourcesBuildPhase;
			buildActionMask = 2147483647;
			files = (
				7BC0306A1C08080100456AFD /* ViewController.swift in Sources */,
				7BC0307C1C08A5BF00456AFD /* CoffeeAPI.swift in Sources */,
				7BC030681C08080100456AFD /* AppDelegate.swift in Sources */,
			);
			runOnlyForDeploymentPostprocessing = 0;
		};
/* End PBXSourcesBuildPhase section */

/* Begin PBXVariantGroup section */
		7BC0306B1C08080100456AFD /* Main.storyboard */ = {
			isa = PBXVariantGroup;
			children = (
				7BC0306C1C08080100456AFD /* Base */,
			);
			name = Main.storyboard;
			sourceTree = "<group>";
		};
		7BC030701C08080100456AFD /* LaunchScreen.storyboard */ = {
			isa = PBXVariantGroup;
			children = (
				7BC030711C08080100456AFD /* Base */,
			);
			name = LaunchScreen.storyboard;
			sourceTree = "<group>";
		};
/* End PBXVariantGroup section */

/* Begin XCBuildConfiguration section */
		7BC030741C08080100456AFD /* Debug */ = {
			isa = XCBuildConfiguration;
			buildSettings = {
				ALWAYS_SEARCH_USER_PATHS = NO;
				CLANG_CXX_LANGUAGE_STANDARD = "gnu++0x";
				CLANG_CXX_LIBRARY = "libc++";
				CLANG_ENABLE_MODULES = YES;
				CLANG_ENABLE_OBJC_ARC = YES;
				CLANG_WARN_BOOL_CONVERSION = YES;
				CLANG_WARN_CONSTANT_CONVERSION = YES;
				CLANG_WARN_DIRECT_OBJC_ISA_USAGE = YES_ERROR;
				CLANG_WARN_EMPTY_BODY = YES;
				CLANG_WARN_ENUM_CONVERSION = YES;
				CLANG_WARN_INT_CONVERSION = YES;
				CLANG_WARN_OBJC_ROOT_CLASS = YES_ERROR;
				CLANG_WARN_UNREACHABLE_CODE = YES;
				CLANG_WARN__DUPLICATE_METHOD_MATCH = YES;
				"CODE_SIGN_IDENTITY[sdk=iphoneos*]" = "iPhone Developer";
				COPY_PHASE_STRIP = NO;
				DEBUG_INFORMATION_FORMAT = dwarf;
				ENABLE_STRICT_OBJC_MSGSEND = YES;
				ENABLE_TESTABILITY = YES;
				GCC_C_LANGUAGE_STANDARD = gnu99;
				GCC_DYNAMIC_NO_PIC = NO;
				GCC_NO_COMMON_BLOCKS = YES;
				GCC_OPTIMIZATION_LEVEL = 0;
				GCC_PREPROCESSOR_DEFINITIONS = (
					"DEBUG=1",
					"$(inherited)",
				);
				GCC_WARN_64_TO_32_BIT_CONVERSION = YES;
				GCC_WARN_ABOUT_RETURN_TYPE = YES_ERROR;
				GCC_WARN_UNDECLARED_SELECTOR = YES;
				GCC_WARN_UNINITIALIZED_AUTOS = YES_AGGRESSIVE;
				GCC_WARN_UNUSED_FUNCTION = YES;
				GCC_WARN_UNUSED_VARIABLE = YES;
				IPHONEOS_DEPLOYMENT_TARGET = 9.1;
				MTL_ENABLE_DEBUG_INFO = YES;
				ONLY_ACTIVE_ARCH = YES;
				SDKROOT = iphoneos;
				SWIFT_OPTIMIZATION_LEVEL = "-Onone";
			};
			name = Debug;
		};
		7BC030751C08080100456AFD /* Release */ = {
			isa = XCBuildConfiguration;
			buildSettings = {
				ALWAYS_SEARCH_USER_PATHS = NO;
				CLANG_CXX_LANGUAGE_STANDARD = "gnu++0x";
				CLANG_CXX_LIBRARY = "libc++";
				CLANG_ENABLE_MODULES = YES;
				CLANG_ENABLE_OBJC_ARC = YES;
				CLANG_WARN_BOOL_CONVERSION = YES;
				CLANG_WARN_CONSTANT_CONVERSION = YES;
				CLANG_WARN_DIRECT_OBJC_ISA_USAGE = YES_ERROR;
				CLANG_WARN_EMPTY_BODY = YES;
				CLANG_WARN_ENUM_CONVERSION = YES;
				CLANG_WARN_INT_CONVERSION = YES;
				CLANG_WARN_OBJC_ROOT_CLASS = YES_ERROR;
				CLANG_WARN_UNREACHABLE_CODE = YES;
				CLANG_WARN__DUPLICATE_METHOD_MATCH = YES;
				"CODE_SIGN_IDENTITY[sdk=iphoneos*]" = "iPhone Developer";
				COPY_PHASE_STRIP = NO;
				DEBUG_INFORMATION_FORMAT = "dwarf-with-dsym";
				ENABLE_NS_ASSERTIONS = NO;
				ENABLE_STRICT_OBJC_MSGSEND = YES;
				GCC_C_LANGUAGE_STANDARD = gnu99;
				GCC_NO_COMMON_BLOCKS = YES;
				GCC_WARN_64_TO_32_BIT_CONVERSION = YES;
				GCC_WARN_ABOUT_RETURN_TYPE = YES_ERROR;
				GCC_WARN_UNDECLARED_SELECTOR = YES;
				GCC_WARN_UNINITIALIZED_AUTOS = YES_AGGRESSIVE;
				GCC_WARN_UNUSED_FUNCTION = YES;
				GCC_WARN_UNUSED_VARIABLE = YES;
				IPHONEOS_DEPLOYMENT_TARGET = 9.1;
				MTL_ENABLE_DEBUG_INFO = NO;
				SDKROOT = iphoneos;
				VALIDATE_PRODUCT = YES;
			};
			name = Release;
		};
		7BC030771C08080100456AFD /* Debug */ = {
			isa = XCBuildConfiguration;
			baseConfigurationReference = 9A2006099334D3C7703FCA50 /* Pods-Coffee.debug.xcconfig */;
			buildSettings = {
				ASSETCATALOG_COMPILER_APPICON_NAME = AppIcon;
				INFOPLIST_FILE = Coffee/Info.plist;
				LD_RUNPATH_SEARCH_PATHS = "$(inherited) @executable_path/Frameworks";
				PRODUCT_BUNDLE_IDENTIFIER = com.jhall.Coffee;
				PRODUCT_NAME = "$(TARGET_NAME)";
			};
			name = Debug;
		};
		7BC030781C08080100456AFD /* Release */ = {
			isa = XCBuildConfiguration;
			baseConfigurationReference = 4D6F0619710F3678E3C4FD2C /* Pods-Coffee.release.xcconfig */;
			buildSettings = {
				ASSETCATALOG_COMPILER_APPICON_NAME = AppIcon;
				INFOPLIST_FILE = Coffee/Info.plist;
				LD_RUNPATH_SEARCH_PATHS = "$(inherited) @executable_path/Frameworks";
				PRODUCT_BUNDLE_IDENTIFIER = com.jhall.Coffee;
				PRODUCT_NAME = "$(TARGET_NAME)";
			};
			name = Release;
		};
/* End XCBuildConfiguration section */

/* Begin XCConfigurationList section */
		7BC0305F1C08080100456AFD /* Build configuration list for PBXProject "Coffee" */ = {
			isa = XCConfigurationList;
			buildConfigurations = (
				7BC030741C08080100456AFD /* Debug */,
				7BC030751C08080100456AFD /* Release */,
			);
			defaultConfigurationIsVisible = 0;
			defaultConfigurationName = Release;
		};
		7BC030761C08080100456AFD /* Build configuration list for PBXNativeTarget "Coffee" */ = {
			isa = XCConfigurationList;
			buildConfigurations = (
				7BC030771C08080100456AFD /* Debug */,
				7BC030781C08080100456AFD /* Release */,
			);
			defaultConfigurationIsVisible = 0;
			defaultConfigurationName = Release;
		};
/* End XCConfigurationList section */
	};
	rootObject = 7BC0305C1C08080100456AFD /* Project object */;
}
